// !$*UTF8*$!
{
	archiveVersion = 1;
	classes = {
	};
	objectVersion = 46;
	objects = {

/* Begin PBXBuildFile section */
		1D15CAF01CE1D9770073408B /* Test.story in Resources */ = {isa = PBXBuildFile; fileRef = 1D15CAEF1CE1D9770073408B /* Test.story */; };
		1D378D781C11AA07001826DE /* AppDelegate.swift in Sources */ = {isa = PBXBuildFile; fileRef = 1D378D771C11AA07001826DE /* AppDelegate.swift */; };
		1D378D7A1C11AA07001826DE /* MasterViewController.swift in Sources */ = {isa = PBXBuildFile; fileRef = 1D378D791C11AA07001826DE /* MasterViewController.swift */; };
		1D378D7C1C11AA07001826DE /* DetailViewController.swift in Sources */ = {isa = PBXBuildFile; fileRef = 1D378D7B1C11AA07001826DE /* DetailViewController.swift */; };
		1D378D7F1C11AA07001826DE /* Main.storyboard in Resources */ = {isa = PBXBuildFile; fileRef = 1D378D7D1C11AA07001826DE /* Main.storyboard */; };
		1D378D811C11AA07001826DE /* Assets.xcassets in Resources */ = {isa = PBXBuildFile; fileRef = 1D378D801C11AA07001826DE /* Assets.xcassets */; };
		1D378D841C11AA07001826DE /* LaunchScreen.storyboard in Resources */ = {isa = PBXBuildFile; fileRef = 1D378D821C11AA07001826DE /* LaunchScreen.storyboard */; };
		1D378D8F1C11AA08001826DE /* TestAppUITests.swift in Sources */ = {isa = PBXBuildFile; fileRef = 1D378D8E1C11AA08001826DE /* TestAppUITests.swift */; };
		1D69D3731D2D149400297A50 /* SwiftBehaveTest.swift in Sources */ = {isa = PBXBuildFile; fileRef = 1D69D36E1D2D149400297A50 /* SwiftBehaveTest.swift */; };
		1D69D3741D2D149400297A50 /* Scenario.m in Sources */ = {isa = PBXBuildFile; fileRef = 1D69D3701D2D149400297A50 /* Scenario.m */; };
		1D69D3751D2D149400297A50 /* ScenarioTestCase.m in Sources */ = {isa = PBXBuildFile; fileRef = 1D69D3721D2D149400297A50 /* ScenarioTestCase.m */; };
		1D69D3771D2D156A00297A50 /* Test.swift in Sources */ = {isa = PBXBuildFile; fileRef = 1D69D3761D2D156A00297A50 /* Test.swift */; };
/* End PBXBuildFile section */

/* Begin PBXContainerItemProxy section */
		1D378D8B1C11AA08001826DE /* PBXContainerItemProxy */ = {
			isa = PBXContainerItemProxy;
			containerPortal = 1D378D6C1C11AA07001826DE /* Project object */;
			proxyType = 1;
			remoteGlobalIDString = 1D378D731C11AA07001826DE;
			remoteInfo = TestApp;
		};
/* End PBXContainerItemProxy section */

/* Begin PBXFileReference section */
		1D15CAEF1CE1D9770073408B /* Test.story */ = {isa = PBXFileReference; fileEncoding = 4; lastKnownFileType = text; path = Test.story; sourceTree = "<group>"; };
		1D15CAF11CE1E5530073408B /* XCTest.framework */ = {isa = PBXFileReference; lastKnownFileType = wrapper.framework; name = XCTest.framework; path = Platforms/iPhoneOS.platform/Developer/Library/Frameworks/XCTest.framework; sourceTree = DEVELOPER_DIR; };
		1D378D741C11AA07001826DE /* TestApp.app */ = {isa = PBXFileReference; explicitFileType = wrapper.application; includeInIndex = 0; path = TestApp.app; sourceTree = BUILT_PRODUCTS_DIR; };
		1D378D771C11AA07001826DE /* AppDelegate.swift */ = {isa = PBXFileReference; lastKnownFileType = sourcecode.swift; path = AppDelegate.swift; sourceTree = "<group>"; };
		1D378D791C11AA07001826DE /* MasterViewController.swift */ = {isa = PBXFileReference; lastKnownFileType = sourcecode.swift; path = MasterViewController.swift; sourceTree = "<group>"; };
		1D378D7B1C11AA07001826DE /* DetailViewController.swift */ = {isa = PBXFileReference; lastKnownFileType = sourcecode.swift; path = DetailViewController.swift; sourceTree = "<group>"; };
		1D378D7E1C11AA07001826DE /* Base */ = {isa = PBXFileReference; lastKnownFileType = file.storyboard; name = Base; path = Base.lproj/Main.storyboard; sourceTree = "<group>"; };
		1D378D801C11AA07001826DE /* Assets.xcassets */ = {isa = PBXFileReference; lastKnownFileType = folder.assetcatalog; path = Assets.xcassets; sourceTree = "<group>"; };
		1D378D831C11AA07001826DE /* Base */ = {isa = PBXFileReference; lastKnownFileType = file.storyboard; name = Base; path = Base.lproj/LaunchScreen.storyboard; sourceTree = "<group>"; };
		1D378D851C11AA07001826DE /* Info.plist */ = {isa = PBXFileReference; lastKnownFileType = text.plist.xml; path = Info.plist; sourceTree = "<group>"; };
		1D378D8A1C11AA08001826DE /* TestAppUITests.xctest */ = {isa = PBXFileReference; explicitFileType = wrapper.cfbundle; includeInIndex = 0; path = TestAppUITests.xctest; sourceTree = BUILT_PRODUCTS_DIR; };
		1D378D8E1C11AA08001826DE /* TestAppUITests.swift */ = {isa = PBXFileReference; lastKnownFileType = sourcecode.swift; path = TestAppUITests.swift; sourceTree = "<group>"; };
		1D378D901C11AA08001826DE /* Info.plist */ = {isa = PBXFileReference; lastKnownFileType = text.plist.xml; path = Info.plist; sourceTree = "<group>"; };
		1D69D36D1D2D149300297A50 /* TestAppUITests-Bridging-Header.h */ = {isa = PBXFileReference; lastKnownFileType = sourcecode.c.h; path = "TestAppUITests-Bridging-Header.h"; sourceTree = "<group>"; };
		1D69D36E1D2D149400297A50 /* SwiftBehaveTest.swift */ = {isa = PBXFileReference; fileEncoding = 4; lastKnownFileType = sourcecode.swift; path = SwiftBehaveTest.swift; sourceTree = "<group>"; };
		1D69D36F1D2D149400297A50 /* Scenario.h */ = {isa = PBXFileReference; fileEncoding = 4; lastKnownFileType = sourcecode.c.h; path = Scenario.h; sourceTree = "<group>"; };
		1D69D3701D2D149400297A50 /* Scenario.m */ = {isa = PBXFileReference; fileEncoding = 4; lastKnownFileType = sourcecode.c.objc; path = Scenario.m; sourceTree = "<group>"; };
		1D69D3711D2D149400297A50 /* ScenarioTestCase.h */ = {isa = PBXFileReference; fileEncoding = 4; lastKnownFileType = sourcecode.c.h; path = ScenarioTestCase.h; sourceTree = "<group>"; };
		1D69D3721D2D149400297A50 /* ScenarioTestCase.m */ = {isa = PBXFileReference; fileEncoding = 4; lastKnownFileType = sourcecode.c.objc; path = ScenarioTestCase.m; sourceTree = "<group>"; };
		1D69D3761D2D156A00297A50 /* Test.swift */ = {isa = PBXFileReference; fileEncoding = 4; lastKnownFileType = sourcecode.swift; path = Test.swift; sourceTree = "<group>"; };
/* End PBXFileReference section */

/* Begin PBXFrameworksBuildPhase section */
		1D378D711C11AA07001826DE /* Frameworks */ = {
			isa = PBXFrameworksBuildPhase;
			buildActionMask = 2147483647;
			files = (
			);
			runOnlyForDeploymentPostprocessing = 0;
		};
		1D378D871C11AA08001826DE /* Frameworks */ = {
			isa = PBXFrameworksBuildPhase;
			buildActionMask = 2147483647;
			files = (
			);
			runOnlyForDeploymentPostprocessing = 0;
		};
/* End PBXFrameworksBuildPhase section */

/* Begin PBXGroup section */
		1D378D6B1C11AA07001826DE = {
			isa = PBXGroup;
			children = (
				1D378D761C11AA07001826DE /* TestApp */,
				1D378D8D1C11AA08001826DE /* TestAppUITests */,
				1D378D751C11AA07001826DE /* Products */,
				5186FC39B069CD1479B4B61F /* Frameworks */,
			);
			sourceTree = "<group>";
		};
		1D378D751C11AA07001826DE /* Products */ = {
			isa = PBXGroup;
			children = (
				1D378D741C11AA07001826DE /* TestApp.app */,
				1D378D8A1C11AA08001826DE /* TestAppUITests.xctest */,
			);
			name = Products;
			sourceTree = "<group>";
		};
		1D378D761C11AA07001826DE /* TestApp */ = {
			isa = PBXGroup;
			children = (
				1D378D771C11AA07001826DE /* AppDelegate.swift */,
				1D378D791C11AA07001826DE /* MasterViewController.swift */,
				1D378D7B1C11AA07001826DE /* DetailViewController.swift */,
				1D378D7D1C11AA07001826DE /* Main.storyboard */,
				1D378D801C11AA07001826DE /* Assets.xcassets */,
				1D378D821C11AA07001826DE /* LaunchScreen.storyboard */,
				1D378D851C11AA07001826DE /* Info.plist */,
			);
			path = TestApp;
			sourceTree = "<group>";
		};
		1D378D8D1C11AA08001826DE /* TestAppUITests */ = {
			isa = PBXGroup;
			children = (
				1D69D36E1D2D149400297A50 /* SwiftBehaveTest.swift */,
				1D69D36F1D2D149400297A50 /* Scenario.h */,
				1D69D3701D2D149400297A50 /* Scenario.m */,
				1D69D3711D2D149400297A50 /* ScenarioTestCase.h */,
				1D69D3721D2D149400297A50 /* ScenarioTestCase.m */,
				1D378D8E1C11AA08001826DE /* TestAppUITests.swift */,
				1D69D3761D2D156A00297A50 /* Test.swift */,
				1D15CAEF1CE1D9770073408B /* Test.story */,
				1D378D901C11AA08001826DE /* Info.plist */,
				1D69D36D1D2D149300297A50 /* TestAppUITests-Bridging-Header.h */,
			);
			path = TestAppUITests;
			sourceTree = "<group>";
		};
		5186FC39B069CD1479B4B61F /* Frameworks */ = {
			isa = PBXGroup;
			children = (
				1D15CAF11CE1E5530073408B /* XCTest.framework */,
			);
			name = Frameworks;
			sourceTree = "<group>";
		};
/* End PBXGroup section */

/* Begin PBXNativeTarget section */
		1D378D731C11AA07001826DE /* TestApp */ = {
			isa = PBXNativeTarget;
			buildConfigurationList = 1D378D931C11AA08001826DE /* Build configuration list for PBXNativeTarget "TestApp" */;
			buildPhases = (
				1D378D701C11AA07001826DE /* Sources */,
				1D378D711C11AA07001826DE /* Frameworks */,
				1D378D721C11AA07001826DE /* Resources */,
			);
			buildRules = (
			);
			dependencies = (
			);
			name = TestApp;
			productName = TestApp;
			productReference = 1D378D741C11AA07001826DE /* TestApp.app */;
			productType = "com.apple.product-type.application";
		};
		1D378D891C11AA08001826DE /* TestAppUITests */ = {
			isa = PBXNativeTarget;
			buildConfigurationList = 1D378D961C11AA08001826DE /* Build configuration list for PBXNativeTarget "TestAppUITests" */;
			buildPhases = (
				1D378D861C11AA08001826DE /* Sources */,
				1D378D871C11AA08001826DE /* Frameworks */,
				1D378D881C11AA08001826DE /* Resources */,
			);
			buildRules = (
			);
			dependencies = (
				1D378D8C1C11AA08001826DE /* PBXTargetDependency */,
			);
			name = TestAppUITests;
			productName = TestAppUITests;
			productReference = 1D378D8A1C11AA08001826DE /* TestAppUITests.xctest */;
			productType = "com.apple.product-type.bundle.ui-testing";
		};
/* End PBXNativeTarget section */

/* Begin PBXProject section */
		1D378D6C1C11AA07001826DE /* Project object */ = {
			isa = PBXProject;
			attributes = {
				LastSwiftUpdateCheck = 0730;
				LastUpgradeCheck = 1200;
				ORGANIZATIONNAME = "Christian Klaproth";
				TargetAttributes = {
					1D378D731C11AA07001826DE = {
						CreatedOnToolsVersion = 7.1.1;
					};
					1D378D891C11AA08001826DE = {
						CreatedOnToolsVersion = 7.1.1;
						TestTargetID = 1D378D731C11AA07001826DE;
					};
				};
			};
			buildConfigurationList = 1D378D6F1C11AA07001826DE /* Build configuration list for PBXProject "TestApp" */;
			compatibilityVersion = "Xcode 3.2";
			developmentRegion = en;
			hasScannedForEncodings = 0;
			knownRegions = (
				en,
				Base,
			);
			mainGroup = 1D378D6B1C11AA07001826DE;
			productRefGroup = 1D378D751C11AA07001826DE /* Products */;
			projectDirPath = "";
			projectRoot = "";
			targets = (
				1D378D731C11AA07001826DE /* TestApp */,
				1D378D891C11AA08001826DE /* TestAppUITests */,
			);
		};
/* End PBXProject section */

/* Begin PBXResourcesBuildPhase section */
		1D378D721C11AA07001826DE /* Resources */ = {
			isa = PBXResourcesBuildPhase;
			buildActionMask = 2147483647;
			files = (
				1D378D841C11AA07001826DE /* LaunchScreen.storyboard in Resources */,
				1D378D811C11AA07001826DE /* Assets.xcassets in Resources */,
				1D378D7F1C11AA07001826DE /* Main.storyboard in Resources */,
			);
			runOnlyForDeploymentPostprocessing = 0;
		};
		1D378D881C11AA08001826DE /* Resources */ = {
			isa = PBXResourcesBuildPhase;
			buildActionMask = 2147483647;
			files = (
				1D15CAF01CE1D9770073408B /* Test.story in Resources */,
			);
			runOnlyForDeploymentPostprocessing = 0;
		};
/* End PBXResourcesBuildPhase section */

/* Begin PBXSourcesBuildPhase section */
		1D378D701C11AA07001826DE /* Sources */ = {
			isa = PBXSourcesBuildPhase;
			buildActionMask = 2147483647;
			files = (
				1D378D7C1C11AA07001826DE /* DetailViewController.swift in Sources */,
				1D378D7A1C11AA07001826DE /* MasterViewController.swift in Sources */,
				1D378D781C11AA07001826DE /* AppDelegate.swift in Sources */,
			);
			runOnlyForDeploymentPostprocessing = 0;
		};
		1D378D861C11AA08001826DE /* Sources */ = {
			isa = PBXSourcesBuildPhase;
			buildActionMask = 2147483647;
			files = (
				1D69D3741D2D149400297A50 /* Scenario.m in Sources */,
				1D378D8F1C11AA08001826DE /* TestAppUITests.swift in Sources */,
				1D69D3771D2D156A00297A50 /* Test.swift in Sources */,
				1D69D3731D2D149400297A50 /* SwiftBehaveTest.swift in Sources */,
				1D69D3751D2D149400297A50 /* ScenarioTestCase.m in Sources */,
			);
			runOnlyForDeploymentPostprocessing = 0;
		};
/* End PBXSourcesBuildPhase section */

/* Begin PBXTargetDependency section */
		1D378D8C1C11AA08001826DE /* PBXTargetDependency */ = {
			isa = PBXTargetDependency;
			target = 1D378D731C11AA07001826DE /* TestApp */;
			targetProxy = 1D378D8B1C11AA08001826DE /* PBXContainerItemProxy */;
		};
/* End PBXTargetDependency section */

/* Begin PBXVariantGroup section */
		1D378D7D1C11AA07001826DE /* Main.storyboard */ = {
			isa = PBXVariantGroup;
			children = (
				1D378D7E1C11AA07001826DE /* Base */,
			);
			name = Main.storyboard;
			sourceTree = "<group>";
		};
		1D378D821C11AA07001826DE /* LaunchScreen.storyboard */ = {
			isa = PBXVariantGroup;
			children = (
				1D378D831C11AA07001826DE /* Base */,
			);
			name = LaunchScreen.storyboard;
			sourceTree = "<group>";
		};
/* End PBXVariantGroup section */

/* Begin XCBuildConfiguration section */
		1D378D911C11AA08001826DE /* Debug */ = {
			isa = XCBuildConfiguration;
			buildSettings = {
				ALWAYS_SEARCH_USER_PATHS = NO;
				CLANG_ANALYZER_LOCALIZABILITY_NONLOCALIZED = YES;
				CLANG_CXX_LANGUAGE_STANDARD = "gnu++0x";
				CLANG_CXX_LIBRARY = "libc++";
				CLANG_ENABLE_MODULES = YES;
				CLANG_ENABLE_OBJC_ARC = YES;
				CLANG_WARN_BLOCK_CAPTURE_AUTORELEASING = YES;
				CLANG_WARN_BOOL_CONVERSION = YES;
				CLANG_WARN_COMMA = YES;
				CLANG_WARN_CONSTANT_CONVERSION = YES;
				CLANG_WARN_DEPRECATED_OBJC_IMPLEMENTATIONS = YES;
				CLANG_WARN_DIRECT_OBJC_ISA_USAGE = YES_ERROR;
				CLANG_WARN_EMPTY_BODY = YES;
				CLANG_WARN_ENUM_CONVERSION = YES;
				CLANG_WARN_INFINITE_RECURSION = YES;
				CLANG_WARN_INT_CONVERSION = YES;
				CLANG_WARN_NON_LITERAL_NULL_CONVERSION = YES;
				CLANG_WARN_OBJC_IMPLICIT_RETAIN_SELF = YES;
				CLANG_WARN_OBJC_LITERAL_CONVERSION = YES;
				CLANG_WARN_OBJC_ROOT_CLASS = YES_ERROR;
				CLANG_WARN_QUOTED_INCLUDE_IN_FRAMEWORK_HEADER = YES;
				CLANG_WARN_RANGE_LOOP_ANALYSIS = YES;
				CLANG_WARN_STRICT_PROTOTYPES = YES;
				CLANG_WARN_SUSPICIOUS_MOVE = YES;
				CLANG_WARN_UNREACHABLE_CODE = YES;
				CLANG_WARN__DUPLICATE_METHOD_MATCH = YES;
				"CODE_SIGN_IDENTITY[sdk=iphoneos*]" = "iPhone Developer";
				COPY_PHASE_STRIP = NO;
				DEBUG_INFORMATION_FORMAT = dwarf;
				ENABLE_BITCODE = NO;
				ENABLE_STRICT_OBJC_MSGSEND = YES;
				ENABLE_TESTABILITY = YES;
				GCC_C_LANGUAGE_STANDARD = gnu99;
				GCC_DYNAMIC_NO_PIC = NO;
				GCC_NO_COMMON_BLOCKS = YES;
				GCC_OPTIMIZATION_LEVEL = 0;
				GCC_PREPROCESSOR_DEFINITIONS = (
					"DEBUG=1",
					"$(inherited)",
				);
				GCC_WARN_64_TO_32_BIT_CONVERSION = YES;
				GCC_WARN_ABOUT_RETURN_TYPE = YES_ERROR;
				GCC_WARN_UNDECLARED_SELECTOR = YES;
				GCC_WARN_UNINITIALIZED_AUTOS = YES_AGGRESSIVE;
				GCC_WARN_UNUSED_FUNCTION = YES;
				GCC_WARN_UNUSED_VARIABLE = YES;
				IPHONEOS_DEPLOYMENT_TARGET = 12.0;
				MTL_ENABLE_DEBUG_INFO = YES;
				ONLY_ACTIVE_ARCH = YES;
				SDKROOT = iphoneos;
				SWIFT_OPTIMIZATION_LEVEL = "-Onone";
			};
			name = Debug;
		};
		1D378D921C11AA08001826DE /* Release */ = {
			isa = XCBuildConfiguration;
			buildSettings = {
				ALWAYS_SEARCH_USER_PATHS = NO;
				CLANG_ANALYZER_LOCALIZABILITY_NONLOCALIZED = YES;
				CLANG_CXX_LANGUAGE_STANDARD = "gnu++0x";
				CLANG_CXX_LIBRARY = "libc++";
				CLANG_ENABLE_MODULES = YES;
				CLANG_ENABLE_OBJC_ARC = YES;
				CLANG_WARN_BLOCK_CAPTURE_AUTORELEASING = YES;
				CLANG_WARN_BOOL_CONVERSION = YES;
				CLANG_WARN_COMMA = YES;
				CLANG_WARN_CONSTANT_CONVERSION = YES;
				CLANG_WARN_DEPRECATED_OBJC_IMPLEMENTATIONS = YES;
				CLANG_WARN_DIRECT_OBJC_ISA_USAGE = YES_ERROR;
				CLANG_WARN_EMPTY_BODY = YES;
				CLANG_WARN_ENUM_CONVERSION = YES;
				CLANG_WARN_INFINITE_RECURSION = YES;
				CLANG_WARN_INT_CONVERSION = YES;
				CLANG_WARN_NON_LITERAL_NULL_CONVERSION = YES;
				CLANG_WARN_OBJC_IMPLICIT_RETAIN_SELF = YES;
				CLANG_WARN_OBJC_LITERAL_CONVERSION = YES;
				CLANG_WARN_OBJC_ROOT_CLASS = YES_ERROR;
				CLANG_WARN_QUOTED_INCLUDE_IN_FRAMEWORK_HEADER = YES;
				CLANG_WARN_RANGE_LOOP_ANALYSIS = YES;
				CLANG_WARN_STRICT_PROTOTYPES = YES;
				CLANG_WARN_SUSPICIOUS_MOVE = YES;
				CLANG_WARN_UNREACHABLE_CODE = YES;
				CLANG_WARN__DUPLICATE_METHOD_MATCH = YES;
				"CODE_SIGN_IDENTITY[sdk=iphoneos*]" = "iPhone Developer";
				COPY_PHASE_STRIP = NO;
				DEBUG_INFORMATION_FORMAT = "dwarf-with-dsym";
				ENABLE_BITCODE = NO;
				ENABLE_NS_ASSERTIONS = NO;
				ENABLE_STRICT_OBJC_MSGSEND = YES;
				GCC_C_LANGUAGE_STANDARD = gnu99;
				GCC_NO_COMMON_BLOCKS = YES;
				GCC_WARN_64_TO_32_BIT_CONVERSION = YES;
				GCC_WARN_ABOUT_RETURN_TYPE = YES_ERROR;
				GCC_WARN_UNDECLARED_SELECTOR = YES;
				GCC_WARN_UNINITIALIZED_AUTOS = YES_AGGRESSIVE;
				GCC_WARN_UNUSED_FUNCTION = YES;
				GCC_WARN_UNUSED_VARIABLE = YES;
				IPHONEOS_DEPLOYMENT_TARGET = 12.0;
				MTL_ENABLE_DEBUG_INFO = NO;
				SDKROOT = iphoneos;
				SWIFT_COMPILATION_MODE = wholemodule;
				VALIDATE_PRODUCT = YES;
			};
			name = Release;
		};
		1D378D941C11AA08001826DE /* Debug */ = {
			isa = XCBuildConfiguration;
			buildSettings = {
				ASSETCATALOG_COMPILER_APPICON_NAME = AppIcon;
				ENABLE_BITCODE = NO;
				INFOPLIST_FILE = TestApp/Info.plist;
				LD_RUNPATH_SEARCH_PATHS = "$(inherited) @executable_path/Frameworks";
				PRODUCT_BUNDLE_IDENTIFIER = "de.cm-works.ios.TestApp";
				PRODUCT_NAME = "$(TARGET_NAME)";
				SWIFT_VERSION = 5.0;
			};
			name = Debug;
		};
		1D378D951C11AA08001826DE /* Release */ = {
			isa = XCBuildConfiguration;
			buildSettings = {
				ASSETCATALOG_COMPILER_APPICON_NAME = AppIcon;
				ENABLE_BITCODE = NO;
				INFOPLIST_FILE = TestApp/Info.plist;
				LD_RUNPATH_SEARCH_PATHS = "$(inherited) @executable_path/Frameworks";
				PRODUCT_BUNDLE_IDENTIFIER = "de.cm-works.ios.TestApp";
				PRODUCT_NAME = "$(TARGET_NAME)";
				SWIFT_VERSION = 5.0;
			};
			name = Release;
		};
		1D378D971C11AA08001826DE /* Debug */ = {
			isa = XCBuildConfiguration;
			buildSettings = {
				CLANG_ENABLE_MODULES = YES;
				FRAMEWORK_SEARCH_PATHS = "$(inherited)";
				INFOPLIST_FILE = TestAppUITests/Info.plist;
				LD_RUNPATH_SEARCH_PATHS = "$(inherited) @executable_path/Frameworks @loader_path/Frameworks";
				PRODUCT_BUNDLE_IDENTIFIER = "de.cm-works.ios.TestAppUITests";
				PRODUCT_NAME = "$(TARGET_NAME)";
				SWIFT_OBJC_BRIDGING_HEADER = "TestAppUITests/TestAppUITests-Bridging-Header.h";
				SWIFT_OPTIMIZATION_LEVEL = "-Onone";
				SWIFT_VERSION = 5.0;
				TEST_TARGET_NAME = TestApp;
				USES_XCTRUNNER = YES;
			};
			name = Debug;
		};
		1D378D981C11AA08001826DE /* Release */ = {
			isa = XCBuildConfiguration;
			buildSettings = {
				CLANG_ENABLE_MODULES = YES;
				FRAMEWORK_SEARCH_PATHS = "$(inherited)";
				INFOPLIST_FILE = TestAppUITests/Info.plist;
				LD_RUNPATH_SEARCH_PATHS = "$(inherited) @executable_path/Frameworks @loader_path/Frameworks";
				PRODUCT_BUNDLE_IDENTIFIER = "de.cm-works.ios.TestAppUITests";
				PRODUCT_NAME = "$(TARGET_NAME)";
				SWIFT_OBJC_BRIDGING_HEADER = "TestAppUITests/TestAppUITests-Bridging-Header.h";
				SWIFT_VERSION = 5.0;
				TEST_TARGET_NAME = TestApp;
				USES_XCTRUNNER = YES;
			};
			name = Release;
		};
/* End XCBuildConfiguration section */

/* Begin XCConfigurationList section */
		1D378D6F1C11AA07001826DE /* Build configuration list for PBXProject "TestApp" */ = {
			isa = XCConfigurationList;
			buildConfigurations = (
				1D378D911C11AA08001826DE /* Debug */,
				1D378D921C11AA08001826DE /* Release */,
			);
			defaultConfigurationIsVisible = 0;
			defaultConfigurationName = Release;
		};
		1D378D931C11AA08001826DE /* Build configuration list for PBXNativeTarget "TestApp" */ = {
			isa = XCConfigurationList;
			buildConfigurations = (
				1D378D941C11AA08001826DE /* Debug */,
				1D378D951C11AA08001826DE /* Release */,
			);
			defaultConfigurationIsVisible = 0;
			defaultConfigurationName = Release;
		};
		1D378D961C11AA08001826DE /* Build configuration list for PBXNativeTarget "TestAppUITests" */ = {
			isa = XCConfigurationList;
			buildConfigurations = (
				1D378D971C11AA08001826DE /* Debug */,
				1D378D981C11AA08001826DE /* Release */,
			);
			defaultConfigurationIsVisible = 0;
			defaultConfigurationName = Release;
		};
/* End XCConfigurationList section */
	};
	rootObject = 1D378D6C1C11AA07001826DE /* Project object */;
}
